// !$*UTF8*$!
{
	archiveVersion = 1;
	classes = {
	};
	objectVersion = 51;
	objects = {

/* Begin PBXBuildFile section */
		3A7B8B47AB2CCC731B353E1B /* Pods_Plan_It.framework in Frameworks */ = {isa = PBXBuildFile; fileRef = E5BCF1F5C2168B7637D014B1 /* Pods_Plan_It.framework */; };
		A96984C223DA2CA300370EE0 /* AppDelegate.swift in Sources */ = {isa = PBXBuildFile; fileRef = A96984C123DA2CA300370EE0 /* AppDelegate.swift */; };
		A96984C423DA2CA300370EE0 /* SceneDelegate.swift in Sources */ = {isa = PBXBuildFile; fileRef = A96984C323DA2CA300370EE0 /* SceneDelegate.swift */; };
		A96984C623DA2CA300370EE0 /* FirstViewController.swift in Sources */ = {isa = PBXBuildFile; fileRef = A96984C523DA2CA300370EE0 /* FirstViewController.swift */; };
		A96984C823DA2CA300370EE0 /* SecondViewController.swift in Sources */ = {isa = PBXBuildFile; fileRef = A96984C723DA2CA300370EE0 /* SecondViewController.swift */; };
		A96984CB23DA2CA300370EE0 /* Main.storyboard in Resources */ = {isa = PBXBuildFile; fileRef = A96984C923DA2CA300370EE0 /* Main.storyboard */; };
		A96984CD23DA2CA500370EE0 /* Assets.xcassets in Resources */ = {isa = PBXBuildFile; fileRef = A96984CC23DA2CA500370EE0 /* Assets.xcassets */; };
		A96984D023DA2CA500370EE0 /* LaunchScreen.storyboard in Resources */ = {isa = PBXBuildFile; fileRef = A96984CE23DA2CA500370EE0 /* LaunchScreen.storyboard */; };
		A96984D823DA2D8700370EE0 /* IntentionsController.swift in Sources */ = {isa = PBXBuildFile; fileRef = A96984D723DA2D8700370EE0 /* IntentionsController.swift */; };
		A9D7FE1923E16435007B9249 /* TodoCell.swift in Sources */ = {isa = PBXBuildFile; fileRef = A9D7FE1823E16435007B9249 /* TodoCell.swift */; };
		A9D7FE6523EAB096007B9249 /* AddTodoController.swift in Sources */ = {isa = PBXBuildFile; fileRef = A9D7FE6423EAB096007B9249 /* AddTodoController.swift */; };
/* End PBXBuildFile section */

/* Begin PBXFileReference section */
		0D004C1DBB8A872616607A16 /* Pods-Plan It.release.xcconfig */ = {isa = PBXFileReference; includeInIndex = 1; lastKnownFileType = text.xcconfig; name = "Pods-Plan It.release.xcconfig"; path = "Target Support Files/Pods-Plan It/Pods-Plan It.release.xcconfig"; sourceTree = "<group>"; };
		5CA7CDE8FF30506681BFA3DB /* Pods-Plan It.debug.xcconfig */ = {isa = PBXFileReference; includeInIndex = 1; lastKnownFileType = text.xcconfig; name = "Pods-Plan It.debug.xcconfig"; path = "Target Support Files/Pods-Plan It/Pods-Plan It.debug.xcconfig"; sourceTree = "<group>"; };
		A96984BE23DA2CA300370EE0 /* Plan It.app */ = {isa = PBXFileReference; explicitFileType = wrapper.application; includeInIndex = 0; path = "Plan It.app"; sourceTree = BUILT_PRODUCTS_DIR; };
		A96984C123DA2CA300370EE0 /* AppDelegate.swift */ = {isa = PBXFileReference; lastKnownFileType = sourcecode.swift; path = AppDelegate.swift; sourceTree = "<group>"; };
		A96984C323DA2CA300370EE0 /* SceneDelegate.swift */ = {isa = PBXFileReference; lastKnownFileType = sourcecode.swift; path = SceneDelegate.swift; sourceTree = "<group>"; };
		A96984C523DA2CA300370EE0 /* FirstViewController.swift */ = {isa = PBXFileReference; lastKnownFileType = sourcecode.swift; path = FirstViewController.swift; sourceTree = "<group>"; };
		A96984C723DA2CA300370EE0 /* SecondViewController.swift */ = {isa = PBXFileReference; lastKnownFileType = sourcecode.swift; path = SecondViewController.swift; sourceTree = "<group>"; };
		A96984CA23DA2CA300370EE0 /* Base */ = {isa = PBXFileReference; lastKnownFileType = file.storyboard; name = Base; path = Base.lproj/Main.storyboard; sourceTree = "<group>"; };
		A96984CC23DA2CA500370EE0 /* Assets.xcassets */ = {isa = PBXFileReference; lastKnownFileType = folder.assetcatalog; path = Assets.xcassets; sourceTree = "<group>"; };
		A96984CF23DA2CA500370EE0 /* Base */ = {isa = PBXFileReference; lastKnownFileType = file.storyboard; name = Base; path = Base.lproj/LaunchScreen.storyboard; sourceTree = "<group>"; };
		A96984D123DA2CA500370EE0 /* Info.plist */ = {isa = PBXFileReference; lastKnownFileType = text.plist.xml; path = Info.plist; sourceTree = "<group>"; };
		A96984D723DA2D8700370EE0 /* IntentionsController.swift */ = {isa = PBXFileReference; lastKnownFileType = sourcecode.swift; path = IntentionsController.swift; sourceTree = "<group>"; };
		A9D7FE1823E16435007B9249 /* TodoCell.swift */ = {isa = PBXFileReference; lastKnownFileType = sourcecode.swift; path = TodoCell.swift; sourceTree = "<group>"; };
		A9D7FE6423EAB096007B9249 /* AddTodoController.swift */ = {isa = PBXFileReference; lastKnownFileType = sourcecode.swift; path = AddTodoController.swift; sourceTree = "<group>"; };
		E5BCF1F5C2168B7637D014B1 /* Pods_Plan_It.framework */ = {isa = PBXFileReference; explicitFileType = wrapper.framework; includeInIndex = 0; path = Pods_Plan_It.framework; sourceTree = BUILT_PRODUCTS_DIR; };
/* End PBXFileReference section */

/* Begin PBXFrameworksBuildPhase section */
		A96984BB23DA2CA300370EE0 /* Frameworks */ = {
			isa = PBXFrameworksBuildPhase;
			buildActionMask = 2147483647;
			files = (
				3A7B8B47AB2CCC731B353E1B /* Pods_Plan_It.framework in Frameworks */,
			);
			runOnlyForDeploymentPostprocessing = 0;
		};
/* End PBXFrameworksBuildPhase section */

/* Begin PBXGroup section */
		5C06A7FE2159B593BF060E17 /* Pods */ = {
			isa = PBXGroup;
			children = (
				5CA7CDE8FF30506681BFA3DB /* Pods-Plan It.debug.xcconfig */,
				0D004C1DBB8A872616607A16 /* Pods-Plan It.release.xcconfig */,
			);
			path = Pods;
			sourceTree = "<group>";
		};
		6C36117ACD8D3AAE774EF16F /* Frameworks */ = {
			isa = PBXGroup;
			children = (
				E5BCF1F5C2168B7637D014B1 /* Pods_Plan_It.framework */,
			);
			name = Frameworks;
			sourceTree = "<group>";
		};
		A96984B523DA2CA300370EE0 = {
			isa = PBXGroup;
			children = (
				A96984C023DA2CA300370EE0 /* Plan It */,
				A96984BF23DA2CA300370EE0 /* Products */,
				5C06A7FE2159B593BF060E17 /* Pods */,
				6C36117ACD8D3AAE774EF16F /* Frameworks */,
			);
			sourceTree = "<group>";
		};
		A96984BF23DA2CA300370EE0 /* Products */ = {
			isa = PBXGroup;
			children = (
				A96984BE23DA2CA300370EE0 /* Plan It.app */,
			);
			name = Products;
			sourceTree = "<group>";
		};
		A96984C023DA2CA300370EE0 /* Plan It */ = {
			isa = PBXGroup;
			children = (
				A96984C123DA2CA300370EE0 /* AppDelegate.swift */,
				A96984C323DA2CA300370EE0 /* SceneDelegate.swift */,
				A96984C523DA2CA300370EE0 /* FirstViewController.swift */,
				A96984C723DA2CA300370EE0 /* SecondViewController.swift */,
				A96984C923DA2CA300370EE0 /* Main.storyboard */,
				A9D7FE6423EAB096007B9249 /* AddTodoController.swift */,
				A9D7FE1823E16435007B9249 /* TodoCell.swift */,
				A96984D723DA2D8700370EE0 /* IntentionsController.swift */,
				A96984CC23DA2CA500370EE0 /* Assets.xcassets */,
				A96984CE23DA2CA500370EE0 /* LaunchScreen.storyboard */,
				A96984D123DA2CA500370EE0 /* Info.plist */,
			);
			path = "Plan It";
			sourceTree = "<group>";
		};
/* End PBXGroup section */

/* Begin PBXNativeTarget section */
		A96984BD23DA2CA300370EE0 /* Plan It */ = {
			isa = PBXNativeTarget;
			buildConfigurationList = A96984D423DA2CA500370EE0 /* Build configuration list for PBXNativeTarget "Plan It" */;
			buildPhases = (
				E32AB4F7C9A63C9B594371AC /* [CP] Check Pods Manifest.lock */,
				A96984BA23DA2CA300370EE0 /* Sources */,
				A96984BB23DA2CA300370EE0 /* Frameworks */,
				A96984BC23DA2CA300370EE0 /* Resources */,
				CD680F2191A832D08D011335 /* [CP] Embed Pods Frameworks */,
			);
			buildRules = (
			);
			dependencies = (
			);
			name = "Plan It";
			productName = "Plan It";
			productReference = A96984BE23DA2CA300370EE0 /* Plan It.app */;
			productType = "com.apple.product-type.application";
		};
/* End PBXNativeTarget section */

/* Begin PBXProject section */
		A96984B623DA2CA300370EE0 /* Project object */ = {
			isa = PBXProject;
			attributes = {
				LastSwiftUpdateCheck = 1130;
				LastUpgradeCheck = 1130;
				ORGANIZATIONNAME = "Fiorella Sobenes";
				TargetAttributes = {
					A96984BD23DA2CA300370EE0 = {
						CreatedOnToolsVersion = 11.3.1;
					};
				};
			};
			buildConfigurationList = A96984B923DA2CA300370EE0 /* Build configuration list for PBXProject "Plan It" */;
			compatibilityVersion = "Xcode 9.3";
			developmentRegion = en;
			hasScannedForEncodings = 0;
			knownRegions = (
				en,
				Base,
			);
			mainGroup = A96984B523DA2CA300370EE0;
			productRefGroup = A96984BF23DA2CA300370EE0 /* Products */;
			projectDirPath = "";
			projectRoot = "";
			targets = (
				A96984BD23DA2CA300370EE0 /* Plan It */,
			);
		};
/* End PBXProject section */

/* Begin PBXResourcesBuildPhase section */
		A96984BC23DA2CA300370EE0 /* Resources */ = {
			isa = PBXResourcesBuildPhase;
			buildActionMask = 2147483647;
			files = (
				A96984D023DA2CA500370EE0 /* LaunchScreen.storyboard in Resources */,
				A96984CD23DA2CA500370EE0 /* Assets.xcassets in Resources */,
				A96984CB23DA2CA300370EE0 /* Main.storyboard in Resources */,
			);
			runOnlyForDeploymentPostprocessing = 0;
		};
/* End PBXResourcesBuildPhase section */

/* Begin PBXShellScriptBuildPhase section */
		CD680F2191A832D08D011335 /* [CP] Embed Pods Frameworks */ = {
			isa = PBXShellScriptBuildPhase;
			buildActionMask = 2147483647;
			files = (
			);
			inputFileListPaths = (
				"${PODS_ROOT}/Target Support Files/Pods-Plan It/Pods-Plan It-frameworks-${CONFIGURATION}-input-files.xcfilelist",
			);
			name = "[CP] Embed Pods Frameworks";
			outputFileListPaths = (
				"${PODS_ROOT}/Target Support Files/Pods-Plan It/Pods-Plan It-frameworks-${CONFIGURATION}-output-files.xcfilelist",
			);
			runOnlyForDeploymentPostprocessing = 0;
			shellPath = /bin/sh;
			shellScript = "\"${PODS_ROOT}/Target Support Files/Pods-Plan It/Pods-Plan It-frameworks.sh\"\n";
			showEnvVarsInLog = 0;
		};
		E32AB4F7C9A63C9B594371AC /* [CP] Check Pods Manifest.lock */ = {
			isa = PBXShellScriptBuildPhase;
			buildActionMask = 2147483647;
			files = (
			);
			inputFileListPaths = (
			);
			inputPaths = (
				"${PODS_PODFILE_DIR_PATH}/Podfile.lock",
				"${PODS_ROOT}/Manifest.lock",
			);
			name = "[CP] Check Pods Manifest.lock";
			outputFileListPaths = (
			);
			outputPaths = (
				"$(DERIVED_FILE_DIR)/Pods-Plan It-checkManifestLockResult.txt",
			);
			runOnlyForDeploymentPostprocessing = 0;
			shellPath = /bin/sh;
			shellScript = "diff \"${PODS_PODFILE_DIR_PATH}/Podfile.lock\" \"${PODS_ROOT}/Manifest.lock\" > /dev/null\nif [ $? != 0 ] ; then\n    # print error to STDERR\n    echo \"error: The sandbox is not in sync with the Podfile.lock. Run 'pod install' or update your CocoaPods installation.\" >&2\n    exit 1\nfi\n# This output is used by Xcode 'outputs' to avoid re-running this script phase.\necho \"SUCCESS\" > \"${SCRIPT_OUTPUT_FILE_0}\"\n";
			showEnvVarsInLog = 0;
		};
/* End PBXShellScriptBuildPhase section */

/* Begin PBXSourcesBuildPhase section */
		A96984BA23DA2CA300370EE0 /* Sources */ = {
			isa = PBXSourcesBuildPhase;
			buildActionMask = 2147483647;
			files = (
				A96984C823DA2CA300370EE0 /* SecondViewController.swift in Sources */,
				A9D7FE1923E16435007B9249 /* TodoCell.swift in Sources */,
				A96984C623DA2CA300370EE0 /* FirstViewController.swift in Sources */,
				A96984C223DA2CA300370EE0 /* AppDelegate.swift in Sources */,
				A96984D823DA2D8700370EE0 /* IntentionsController.swift in Sources */,
				A9D7FE6523EAB096007B9249 /* AddTodoController.swift in Sources */,
				A96984C423DA2CA300370EE0 /* SceneDelegate.swift in Sources */,
			);
			runOnlyForDeploymentPostprocessing = 0;
		};
/* End PBXSourcesBuildPhase section */

/* Begin PBXVariantGroup section */
		A96984C923DA2CA300370EE0 /* Main.storyboard */ = {
			isa = PBXVariantGroup;
			children = (
				A96984CA23DA2CA300370EE0 /* Base */,
			);
			name = Main.storyboard;
			sourceTree = "<group>";
		};
		A96984CE23DA2CA500370EE0 /* LaunchScreen.storyboard */ = {
			isa = PBXVariantGroup;
			children = (
				A96984CF23DA2CA500370EE0 /* Base */,
			);
			name = LaunchScreen.storyboard;
			sourceTree = "<group>";
		};
/* End PBXVariantGroup section */

/* Begin XCBuildConfiguration section */
		A96984D223DA2CA500370EE0 /* Debug */ = {
			isa = XCBuildConfiguration;
			buildSettings = {
				ALWAYS_SEARCH_USER_PATHS = NO;
				CLANG_ANALYZER_NONNULL = YES;
				CLANG_ANALYZER_NUMBER_OBJECT_CONVERSION = YES_AGGRESSIVE;
				CLANG_CXX_LANGUAGE_STANDARD = "gnu++14";
				CLANG_CXX_LIBRARY = "libc++";
				CLANG_ENABLE_MODULES = YES;
				CLANG_ENABLE_OBJC_ARC = YES;
				CLANG_ENABLE_OBJC_WEAK = YES;
				CLANG_WARN_BLOCK_CAPTURE_AUTORELEASING = YES;
				CLANG_WARN_BOOL_CONVERSION = YES;
				CLANG_WARN_COMMA = YES;
				CLANG_WARN_CONSTANT_CONVERSION = YES;
				CLANG_WARN_DEPRECATED_OBJC_IMPLEMENTATIONS = YES;
				CLANG_WARN_DIRECT_OBJC_ISA_USAGE = YES_ERROR;
				CLANG_WARN_DOCUMENTATION_COMMENTS = YES;
				CLANG_WARN_EMPTY_BODY = YES;
				CLANG_WARN_ENUM_CONVERSION = YES;
				CLANG_WARN_INFINITE_RECURSION = YES;
				CLANG_WARN_INT_CONVERSION = YES;
				CLANG_WARN_NON_LITERAL_NULL_CONVERSION = YES;
				CLANG_WARN_OBJC_IMPLICIT_RETAIN_SELF = YES;
				CLANG_WARN_OBJC_LITERAL_CONVERSION = YES;
				CLANG_WARN_OBJC_ROOT_CLASS = YES_ERROR;
				CLANG_WARN_RANGE_LOOP_ANALYSIS = YES;
				CLANG_WARN_STRICT_PROTOTYPES = YES;
				CLANG_WARN_SUSPICIOUS_MOVE = YES;
				CLANG_WARN_UNGUARDED_AVAILABILITY = YES_AGGRESSIVE;
				CLANG_WARN_UNREACHABLE_CODE = YES;
				CLANG_WARN__DUPLICATE_METHOD_MATCH = YES;
				COPY_PHASE_STRIP = NO;
				DEBUG_INFORMATION_FORMAT = dwarf;
				ENABLE_STRICT_OBJC_MSGSEND = YES;
				ENABLE_TESTABILITY = YES;
				GCC_C_LANGUAGE_STANDARD = gnu11;
				GCC_DYNAMIC_NO_PIC = NO;
				GCC_NO_COMMON_BLOCKS = YES;
				GCC_OPTIMIZATION_LEVEL = 0;
				GCC_PREPROCESSOR_DEFINITIONS = (
					"DEBUG=1",
					"$(inherited)",
				);
				GCC_WARN_64_TO_32_BIT_CONVERSION = YES;
				GCC_WARN_ABOUT_RETURN_TYPE = YES_ERROR;
				GCC_WARN_UNDECLARED_SELECTOR = YES;
				GCC_WARN_UNINITIALIZED_AUTOS = YES_AGGRESSIVE;
				GCC_WARN_UNUSED_FUNCTION = YES;
				GCC_WARN_UNUSED_VARIABLE = YES;
				IPHONEOS_DEPLOYMENT_TARGET = 13.2;
				MTL_ENABLE_DEBUG_INFO = INCLUDE_SOURCE;
				MTL_FAST_MATH = YES;
				ONLY_ACTIVE_ARCH = YES;
				SDKROOT = iphoneos;
				SWIFT_ACTIVE_COMPILATION_CONDITIONS = DEBUG;
				SWIFT_OPTIMIZATION_LEVEL = "-Onone";
			};
			name = Debug;
		};
		A96984D323DA2CA500370EE0 /* Release */ = {
			isa = XCBuildConfiguration;
			buildSettings = {
				ALWAYS_SEARCH_USER_PATHS = NO;
				CLANG_ANALYZER_NONNULL = YES;
				CLANG_ANALYZER_NUMBER_OBJECT_CONVERSION = YES_AGGRESSIVE;
				CLANG_CXX_LANGUAGE_STANDARD = "gnu++14";
				CLANG_CXX_LIBRARY = "libc++";
				CLANG_ENABLE_MODULES = YES;
				CLANG_ENABLE_OBJC_ARC = YES;
				CLANG_ENABLE_OBJC_WEAK = YES;
				CLANG_WARN_BLOCK_CAPTURE_AUTORELEASING = YES;
				CLANG_WARN_BOOL_CONVERSION = YES;
				CLANG_WARN_COMMA = YES;
				CLANG_WARN_CONSTANT_CONVERSION = YES;
				CLANG_WARN_DEPRECATED_OBJC_IMPLEMENTATIONS = YES;
				CLANG_WARN_DIRECT_OBJC_ISA_USAGE = YES_ERROR;
				CLANG_WARN_DOCUMENTATION_COMMENTS = YES;
				CLANG_WARN_EMPTY_BODY = YES;
				CLANG_WARN_ENUM_CONVERSION = YES;
				CLANG_WARN_INFINITE_RECURSION = YES;
				CLANG_WARN_INT_CONVERSION = YES;
				CLANG_WARN_NON_LITERAL_NULL_CONVERSION = YES;
				CLANG_WARN_OBJC_IMPLICIT_RETAIN_SELF = YES;
				CLANG_WARN_OBJC_LITERAL_CONVERSION = YES;
				CLANG_WARN_OBJC_ROOT_CLASS = YES_ERROR;
				CLANG_WARN_RANGE_LOOP_ANALYSIS = YES;
				CLANG_WARN_STRICT_PROTOTYPES = YES;
				CLANG_WARN_SUSPICIOUS_MOVE = YES;
				CLANG_WARN_UNGUARDED_AVAILABILITY = YES_AGGRESSIVE;
				CLANG_WARN_UNREACHABLE_CODE = YES;
				CLANG_WARN__DUPLICATE_METHOD_MATCH = YES;
				COPY_PHASE_STRIP = NO;
				DEBUG_INFORMATION_FORMAT = "dwarf-with-dsym";
				ENABLE_NS_ASSERTIONS = NO;
				ENABLE_STRICT_OBJC_MSGSEND = YES;
				GCC_C_LANGUAGE_STANDARD = gnu11;
				GCC_NO_COMMON_BLOCKS = YES;
				GCC_WARN_64_TO_32_BIT_CONVERSION = YES;
				GCC_WARN_ABOUT_RETURN_TYPE = YES_ERROR;
				GCC_WARN_UNDECLARED_SELECTOR = YES;
				GCC_WARN_UNINITIALIZED_AUTOS = YES_AGGRESSIVE;
				GCC_WARN_UNUSED_FUNCTION = YES;
				GCC_WARN_UNUSED_VARIABLE = YES;
				IPHONEOS_DEPLOYMENT_TARGET = 13.2;
				MTL_ENABLE_DEBUG_INFO = NO;
				MTL_FAST_MATH = YES;
				SDKROOT = iphoneos;
				SWIFT_COMPILATION_MODE = wholemodule;
				SWIFT_OPTIMIZATION_LEVEL = "-O";
				VALIDATE_PRODUCT = YES;
			};
			name = Release;
		};
		A96984D523DA2CA500370EE0 /* Debug */ = {
			isa = XCBuildConfiguration;
			baseConfigurationReference = 5CA7CDE8FF30506681BFA3DB /* Pods-Plan It.debug.xcconfig */;
			buildSettings = {
				ASSETCATALOG_COMPILER_APPICON_NAME = AppIcon;
				CODE_SIGN_STYLE = Automatic;
				INFOPLIST_FILE = "Plan It/Info.plist";
				LD_RUNPATH_SEARCH_PATHS = (
					"$(inherited)",
					"@executable_path/Frameworks",
				);
				PRODUCT_BUNDLE_IDENTIFIER = "Fiorella-Sobenes.Plan-It";
				PRODUCT_NAME = "$(TARGET_NAME)";
				SWIFT_VERSION = 5.0;
				TARGETED_DEVICE_FAMILY = "1,2";
			};
			name = Debug;
		};
		A96984D623DA2CA500370EE0 /* Release */ = {
			isa = XCBuildConfiguration;
			baseConfigurationReference = 0D004C1DBB8A872616607A16 /* Pods-Plan It.release.xcconfig */;
			buildSettings = {
				ASSETCATALOG_COMPILER_APPICON_NAME = AppIcon;
				CODE_SIGN_STYLE = Automatic;
				INFOPLIST_FILE = "Plan It/Info.plist";
				LD_RUNPATH_SEARCH_PATHS = (
					"$(inherited)",
					"@executable_path/Frameworks",
				);
				PRODUCT_BUNDLE_IDENTIFIER = "Fiorella-Sobenes.Plan-It";
				PRODUCT_NAME = "$(TARGET_NAME)";
				SWIFT_VERSION = 5.0;
				TARGETED_DEVICE_FAMILY = "1,2";
			};
			name = Release;
		};
/* End XCBuildConfiguration section */

/* Begin XCConfigurationList section */
		A96984B923DA2CA300370EE0 /* Build configuration list for PBXProject "Plan It" */ = {
			isa = XCConfigurationList;
			buildConfigurations = (
				A96984D223DA2CA500370EE0 /* Debug */,
				A96984D323DA2CA500370EE0 /* Release */,
			);
			defaultConfigurationIsVisible = 0;
			defaultConfigurationName = Release;
		};
		A96984D423DA2CA500370EE0 /* Build configuration list for PBXNativeTarget "Plan It" */ = {
			isa = XCConfigurationList;
			buildConfigurations = (
				A96984D523DA2CA500370EE0 /* Debug */,
				A96984D623DA2CA500370EE0 /* Release */,
			);
			defaultConfigurationIsVisible = 0;
			defaultConfigurationName = Release;
		};
/* End XCConfigurationList section */
	};
	rootObject = A96984B623DA2CA300370EE0 /* Project object */;
}
